
Microsoft Visual Studio Solution File, Format Version 12.00
# Visual Studio Version 17
VisualStudioVersion = 17.14.37314.3 d17.14
MinimumVisualStudioVersion = 10.0.40219.1
Project("{FAE04EC0-301F-11D3-BF4B-00C04F79EFBC}") = "LanguaVellora.Api", "LanguaVellora\LanguaVellora.Api.csproj", "{6E9B58E2-3C8F-476E-AC3E-F5656C867372}"
EndProject
Project("{FAE04EC0-301F-11D3-BF4B-00C04F79EFBC}") = "LanguaVellora.Domain", "LanguaVellora.Domain\LanguaVellora.Domain.csproj", "{E78D16EB-7443-40BA-AC3B-6CC22BFF921C}"
EndProject
Project("{FAE04EC0-301F-11D3-BF4B-00C04F79EFBC}") = "LanguaVellora.Shared", "LanguaVellora.Shared\LanguaVellora.Shared.csproj", "{CF17B042-A9C8-4464-B516-B11F9972C605}"
EndProject
Global
	GlobalSection(SolutionConfigurationPlatforms) = preSolution
		Debug|Any CPU = Debug|Any CPU
		Release|Any CPU = Release|Any CPU
	EndGlobalSection
	GlobalSection(ProjectConfigurationPlatforms) = postSolution
		{6E9B58E2-3C8F-476E-AC3E-F5656C867372}.Debug|Any CPU.ActiveCfg = Debug|Any CPU
		{6E9B58E2-3C8F-476E-AC3E-F5656C867372}.Debug|Any CPU.Build.0 = Debug|Any CPU
		{6E9B58E2-3C8F-476E-AC3E-F5656C867372}.Release|Any CPU.ActiveCfg = Release|Any CPU
		{6E9B58E2-3C8F-476E-AC3E-F5656C867372}.Release|Any CPU.Build.0 = Release|Any CPU
		{E78D16EB-7443-40BA-AC3B-6CC22BFF921C}.Debug|Any CPU.ActiveCfg = Debug|Any CPU
		{E78D16EB-7443-40BA-AC3B-6CC22BFF921C}.Debug|Any CPU.Build.0 = Debug|Any CPU
		{E78D16EB-7443-40BA-AC3B-6CC22BFF921C}.Release|Any CPU.ActiveCfg = Release|Any CPU
		{E78D16EB-7443-40BA-AC3B-6CC22BFF921C}.Release|Any CPU.Build.0 = Release|Any CPU
		{CF17B042-A9C8-4464-B516-B11F9972C605}.Debug|Any CPU.ActiveCfg = Debug|Any CPU
		{CF17B042-A9C8-4464-B516-B11F9972C605}.Debug|Any CPU.Build.0 = Debug|Any CPU
		{CF17B042-A9C8-4464-B516-B11F9972C605}.Release|Any CPU.ActiveCfg = Release|Any CPU
		{CF17B042-A9C8-4464-B516-B11F9972C605}.Release|Any CPU.Build.0 = Release|Any CPU
	EndGlobalSection
	GlobalSection(SolutionProperties) = preSolution
		HideSolutionNode = FALSE
	EndGlobalSection
	GlobalSection(ExtensibilityGlobals) = postSolution
		SolutionGuid = {CE08F946-6199-44AB-B476-AE459697A19E}
	EndGlobalSection
EndGlobal
